// !$*UTF8*$!
{
	archiveVersion = 1;
	classes = {
	};
	objectVersion = 50;
	objects = {

/* Begin PBXBuildFile section */
		BA7EC11C26C3FE420041693E /* AppDelegate.swift in Sources */ = {isa = PBXBuildFile; fileRef = BA7EC11B26C3FE420041693E /* AppDelegate.swift */; };
		BA7EC11E26C3FE420041693E /* SceneDelegate.swift in Sources */ = {isa = PBXBuildFile; fileRef = BA7EC11D26C3FE420041693E /* SceneDelegate.swift */; };
		BA7EC12026C3FE420041693E /* ViewController.swift in Sources */ = {isa = PBXBuildFile; fileRef = BA7EC11F26C3FE420041693E /* ViewController.swift */; };
		BA7EC12326C3FE420041693E /* Main.storyboard in Resources */ = {isa = PBXBuildFile; fileRef = BA7EC12126C3FE420041693E /* Main.storyboard */; };
		BA7EC12526C3FE430041693E /* Assets.xcassets in Resources */ = {isa = PBXBuildFile; fileRef = BA7EC12426C3FE430041693E /* Assets.xcassets */; };
		BA7EC12826C3FE430041693E /* LaunchScreen.storyboard in Resources */ = {isa = PBXBuildFile; fileRef = BA7EC12626C3FE430041693E /* LaunchScreen.storyboard */; };
		BA7EC13126C40B110041693E /* password.swift in Sources */ = {isa = PBXBuildFile; fileRef = BA7EC13026C40B110041693E /* password.swift */; };
		BA7EC13526C40E290041693E /* KeychainWrapper.swift in Sources */ = {isa = PBXBuildFile; fileRef = BA7EC13326C40E290041693E /* KeychainWrapper.swift */; };
		BA7EC13626C40E290041693E /* KeychainItemAccessibility.swift in Sources */ = {isa = PBXBuildFile; fileRef = BA7EC13426C40E290041693E /* KeychainItemAccessibility.swift */; };
		BA7EC13926C426AA0041693E /* DataStore.swift in Sources */ = {isa = PBXBuildFile; fileRef = BA7EC13826C426AA0041693E /* DataStore.swift */; };
		BA7EC13C26C428BF0041693E /* DetailViewController.swift in Sources */ = {isa = PBXBuildFile; fileRef = BA7EC13B26C428BF0041693E /* DetailViewController.swift */; };
		BA7EC14826C4408C0041693E /* DataCell.swift in Sources */ = {isa = PBXBuildFile; fileRef = BA7EC14726C4408C0041693E /* DataCell.swift */; };
		BA7EC15126C458270041693E /* StyleSheet.swift in Sources */ = {isa = PBXBuildFile; fileRef = BA7EC15026C458270041693E /* StyleSheet.swift */; };
/* End PBXBuildFile section */

/* Begin PBXFileReference section */
		BA7EC11826C3FE420041693E /* Password Manager.app */ = {isa = PBXFileReference; explicitFileType = wrapper.application; includeInIndex = 0; path = "Password Manager.app"; sourceTree = BUILT_PRODUCTS_DIR; };
		BA7EC11B26C3FE420041693E /* AppDelegate.swift */ = {isa = PBXFileReference; lastKnownFileType = sourcecode.swift; path = AppDelegate.swift; sourceTree = "<group>"; };
		BA7EC11D26C3FE420041693E /* SceneDelegate.swift */ = {isa = PBXFileReference; lastKnownFileType = sourcecode.swift; path = SceneDelegate.swift; sourceTree = "<group>"; };
		BA7EC11F26C3FE420041693E /* ViewController.swift */ = {isa = PBXFileReference; lastKnownFileType = sourcecode.swift; path = ViewController.swift; sourceTree = "<group>"; };
		BA7EC12226C3FE420041693E /* Base */ = {isa = PBXFileReference; lastKnownFileType = file.storyboard; name = Base; path = Base.lproj/Main.storyboard; sourceTree = "<group>"; };
		BA7EC12426C3FE430041693E /* Assets.xcassets */ = {isa = PBXFileReference; lastKnownFileType = folder.assetcatalog; path = Assets.xcassets; sourceTree = "<group>"; };
		BA7EC12726C3FE430041693E /* Base */ = {isa = PBXFileReference; lastKnownFileType = file.storyboard; name = Base; path = Base.lproj/LaunchScreen.storyboard; sourceTree = "<group>"; };
		BA7EC12926C3FE430041693E /* Info.plist */ = {isa = PBXFileReference; lastKnownFileType = text.plist.xml; path = Info.plist; sourceTree = "<group>"; };
		BA7EC13026C40B110041693E /* password.swift */ = {isa = PBXFileReference; lastKnownFileType = sourcecode.swift; path = password.swift; sourceTree = "<group>"; };
		BA7EC13326C40E290041693E /* KeychainWrapper.swift */ = {isa = PBXFileReference; fileEncoding = 4; lastKnownFileType = sourcecode.swift; path = KeychainWrapper.swift; sourceTree = "<group>"; };
		BA7EC13426C40E290041693E /* KeychainItemAccessibility.swift */ = {isa = PBXFileReference; fileEncoding = 4; lastKnownFileType = sourcecode.swift; path = KeychainItemAccessibility.swift; sourceTree = "<group>"; };
		BA7EC13826C426AA0041693E /* DataStore.swift */ = {isa = PBXFileReference; lastKnownFileType = sourcecode.swift; path = DataStore.swift; sourceTree = "<group>"; };
		BA7EC13B26C428BF0041693E /* DetailViewController.swift */ = {isa = PBXFileReference; lastKnownFileType = sourcecode.swift; path = DetailViewController.swift; sourceTree = "<group>"; };
		BA7EC14726C4408C0041693E /* DataCell.swift */ = {isa = PBXFileReference; lastKnownFileType = sourcecode.swift; path = DataCell.swift; sourceTree = "<group>"; };
		BA7EC15026C458270041693E /* StyleSheet.swift */ = {isa = PBXFileReference; lastKnownFileType = sourcecode.swift; path = StyleSheet.swift; sourceTree = "<group>"; };
/* End PBXFileReference section */

/* Begin PBXFrameworksBuildPhase section */
		BA7EC11526C3FE420041693E /* Frameworks */ = {
			isa = PBXFrameworksBuildPhase;
			buildActionMask = 2147483647;
			files = (
			);
			runOnlyForDeploymentPostprocessing = 0;
		};
/* End PBXFrameworksBuildPhase section */

/* Begin PBXGroup section */
		BA7EC10F26C3FE420041693E = {
			isa = PBXGroup;
			children = (
				BA7EC11A26C3FE420041693E /* Password Manager */,
				BA7EC11926C3FE420041693E /* Products */,
			);
			sourceTree = "<group>";
		};
		BA7EC11926C3FE420041693E /* Products */ = {
			isa = PBXGroup;
			children = (
				BA7EC11826C3FE420041693E /* Password Manager.app */,
			);
			name = Products;
			sourceTree = "<group>";
		};
		BA7EC11A26C3FE420041693E /* Password Manager */ = {
			isa = PBXGroup;
			children = (
				BA7EC11B26C3FE420041693E /* AppDelegate.swift */,
				BA7EC14726C4408C0041693E /* DataCell.swift */,
				BA7EC13826C426AA0041693E /* DataStore.swift */,
				BA7EC13B26C428BF0041693E /* DetailViewController.swift */,
				BA7EC13426C40E290041693E /* KeychainItemAccessibility.swift */,
				BA7EC13326C40E290041693E /* KeychainWrapper.swift */,
				BA7EC12126C3FE420041693E /* Main.storyboard */,
				BA7EC13026C40B110041693E /* password.swift */,
				BA7EC11F26C3FE420041693E /* ViewController.swift */,
				BA7EC11D26C3FE420041693E /* SceneDelegate.swift */,
				BA7EC15026C458270041693E /* StyleSheet.swift */,
				BA7EC12426C3FE430041693E /* Assets.xcassets */,
				BA7EC12626C3FE430041693E /* LaunchScreen.storyboard */,
				BA7EC12926C3FE430041693E /* Info.plist */,
			);
			path = "Password Manager";
			sourceTree = "<group>";
		};
/* End PBXGroup section */

/* Begin PBXNativeTarget section */
		BA7EC11726C3FE420041693E /* Password Manager */ = {
			isa = PBXNativeTarget;
			buildConfigurationList = BA7EC12C26C3FE430041693E /* Build configuration list for PBXNativeTarget "Password Manager" */;
			buildPhases = (
				BA7EC11426C3FE420041693E /* Sources */,
				BA7EC11526C3FE420041693E /* Frameworks */,
				BA7EC11626C3FE420041693E /* Resources */,
			);
			buildRules = (
			);
			dependencies = (
			);
			name = "Password Manager";
			productName = "Password Manager";
			productReference = BA7EC11826C3FE420041693E /* Password Manager.app */;
			productType = "com.apple.product-type.application";
		};
/* End PBXNativeTarget section */

/* Begin PBXProject section */
		BA7EC11026C3FE420041693E /* Project object */ = {
			isa = PBXProject;
			attributes = {
				LastSwiftUpdateCheck = 1230;
				LastUpgradeCheck = 1230;
				TargetAttributes = {
					BA7EC11726C3FE420041693E = {
						CreatedOnToolsVersion = 12.3;
					};
				};
			};
			buildConfigurationList = BA7EC11326C3FE420041693E /* Build configuration list for PBXProject "Password Manager" */;
			compatibilityVersion = "Xcode 9.3";
			developmentRegion = en;
			hasScannedForEncodings = 0;
			knownRegions = (
				en,
				Base,
			);
			mainGroup = BA7EC10F26C3FE420041693E;
			productRefGroup = BA7EC11926C3FE420041693E /* Products */;
			projectDirPath = "";
			projectRoot = "";
			targets = (
				BA7EC11726C3FE420041693E /* Password Manager */,
			);
		};
/* End PBXProject section */

/* Begin PBXResourcesBuildPhase section */
		BA7EC11626C3FE420041693E /* Resources */ = {
			isa = PBXResourcesBuildPhase;
			buildActionMask = 2147483647;
			files = (
				BA7EC12826C3FE430041693E /* LaunchScreen.storyboard in Resources */,
				BA7EC12526C3FE430041693E /* Assets.xcassets in Resources */,
				BA7EC12326C3FE420041693E /* Main.storyboard in Resources */,
			);
			runOnlyForDeploymentPostprocessing = 0;
		};
/* End PBXResourcesBuildPhase section */

/* Begin PBXSourcesBuildPhase section */
		BA7EC11426C3FE420041693E /* Sources */ = {
			isa = PBXSourcesBuildPhase;
			buildActionMask = 2147483647;
			files = (
				BA7EC13926C426AA0041693E /* DataStore.swift in Sources */,
				BA7EC15126C458270041693E /* StyleSheet.swift in Sources */,
				BA7EC13126C40B110041693E /* password.swift in Sources */,
				BA7EC12026C3FE420041693E /* ViewController.swift in Sources */,
				BA7EC11C26C3FE420041693E /* AppDelegate.swift in Sources */,
				BA7EC11E26C3FE420041693E /* SceneDelegate.swift in Sources */,
				BA7EC13526C40E290041693E /* KeychainWrapper.swift in Sources */,
				BA7EC13626C40E290041693E /* KeychainItemAccessibility.swift in Sources */,
				BA7EC14826C4408C0041693E /* DataCell.swift in Sources */,
				BA7EC13C26C428BF0041693E /* DetailViewController.swift in Sources */,
			);
			runOnlyForDeploymentPostprocessing = 0;
		};
/* End PBXSourcesBuildPhase section */

/* Begin PBXVariantGroup section */
		BA7EC12126C3FE420041693E /* Main.storyboard */ = {
			isa = PBXVariantGroup;
			children = (
				BA7EC12226C3FE420041693E /* Base */,
			);
			name = Main.storyboard;
			sourceTree = "<group>";
		};
		BA7EC12626C3FE430041693E /* LaunchScreen.storyboard */ = {
			isa = PBXVariantGroup;
			children = (
				BA7EC12726C3FE430041693E /* Base */,
			);
			name = LaunchScreen.storyboard;
			sourceTree = "<group>";
		};
/* End PBXVariantGroup section */

/* Begin XCBuildConfiguration section */
		BA7EC12A26C3FE430041693E /* Debug */ = {
			isa = XCBuildConfiguration;
			buildSettings = {
				ALWAYS_SEARCH_USER_PATHS = NO;
				CLANG_ANALYZER_NONNULL = YES;
				CLANG_ANALYZER_NUMBER_OBJECT_CONVERSION = YES_AGGRESSIVE;
				CLANG_CXX_LANGUAGE_STANDARD = "gnu++14";
				CLANG_CXX_LIBRARY = "libc++";
				CLANG_ENABLE_MODULES = YES;
				CLANG_ENABLE_OBJC_ARC = YES;
				CLANG_ENABLE_OBJC_WEAK = YES;
				CLANG_WARN_BLOCK_CAPTURE_AUTORELEASING = YES;
				CLANG_WARN_BOOL_CONVERSION = YES;
				CLANG_WARN_COMMA = YES;
				CLANG_WARN_CONSTANT_CONVERSION = YES;
				CLANG_WARN_DEPRECATED_OBJC_IMPLEMENTATIONS = YES;
				CLANG_WARN_DIRECT_OBJC_ISA_USAGE = YES_ERROR;
				CLANG_WARN_DOCUMENTATION_COMMENTS = YES;
				CLANG_WARN_EMPTY_BODY = YES;
				CLANG_WARN_ENUM_CONVERSION = YES;
				CLANG_WARN_INFINITE_RECURSION = YES;
				CLANG_WARN_INT_CONVERSION = YES;
				CLANG_WARN_NON_LITERAL_NULL_CONVERSION = YES;
				CLANG_WARN_OBJC_IMPLICIT_RETAIN_SELF = YES;
				CLANG_WARN_OBJC_LITERAL_CONVERSION = YES;
				CLANG_WARN_OBJC_ROOT_CLASS = YES_ERROR;
				CLANG_WARN_QUOTED_INCLUDE_IN_FRAMEWORK_HEADER = YES;
				CLANG_WARN_RANGE_LOOP_ANALYSIS = YES;
				CLANG_WARN_STRICT_PROTOTYPES = YES;
				CLANG_WARN_SUSPICIOUS_MOVE = YES;
				CLANG_WARN_UNGUARDED_AVAILABILITY = YES_AGGRESSIVE;
				CLANG_WARN_UNREACHABLE_CODE = YES;
				CLANG_WARN__DUPLICATE_METHOD_MATCH = YES;
				COPY_PHASE_STRIP = NO;
				DEBUG_INFORMATION_FORMAT = dwarf;
				ENABLE_STRICT_OBJC_MSGSEND = YES;
				ENABLE_TESTABILITY = YES;
				GCC_C_LANGUAGE_STANDARD = gnu11;
				GCC_DYNAMIC_NO_PIC = NO;
				GCC_NO_COMMON_BLOCKS = YES;
				GCC_OPTIMIZATION_LEVEL = 0;
				GCC_PREPROCESSOR_DEFINITIONS = (
					"DEBUG=1",
					"$(inherited)",
				);
				GCC_WARN_64_TO_32_BIT_CONVERSION = YES;
				GCC_WARN_ABOUT_RETURN_TYPE = YES_ERROR;
				GCC_WARN_UNDECLARED_SELECTOR = YES;
				GCC_WARN_UNINITIALIZED_AUTOS = YES_AGGRESSIVE;
				GCC_WARN_UNUSED_FUNCTION = YES;
				GCC_WARN_UNUSED_VARIABLE = YES;
				IPHONEOS_DEPLOYMENT_TARGET = 14.3;
				MTL_ENABLE_DEBUG_INFO = INCLUDE_SOURCE;
				MTL_FAST_MATH = YES;
				ONLY_ACTIVE_ARCH = YES;
				SDKROOT = iphoneos;
				SWIFT_ACTIVE_COMPILATION_CONDITIONS = DEBUG;
				SWIFT_OPTIMIZATION_LEVEL = "-Onone";
			};
			name = Debug;
		};
		BA7EC12B26C3FE430041693E /* Release */ = {
			isa = XCBuildConfiguration;
			buildSettings = {
				ALWAYS_SEARCH_USER_PATHS = NO;
				CLANG_ANALYZER_NONNULL = YES;
				CLANG_ANALYZER_NUMBER_OBJECT_CONVERSION = YES_AGGRESSIVE;
				CLANG_CXX_LANGUAGE_STANDARD = "gnu++14";
				CLANG_CXX_LIBRARY = "libc++";
				CLANG_ENABLE_MODULES = YES;
				CLANG_ENABLE_OBJC_ARC = YES;
				CLANG_ENABLE_OBJC_WEAK = YES;
				CLANG_WARN_BLOCK_CAPTURE_AUTORELEASING = YES;
				CLANG_WARN_BOOL_CONVERSION = YES;
				CLANG_WARN_COMMA = YES;
				CLANG_WARN_CONSTANT_CONVERSION = YES;
				CLANG_WARN_DEPRECATED_OBJC_IMPLEMENTATIONS = YES;
				CLANG_WARN_DIRECT_OBJC_ISA_USAGE = YES_ERROR;
				CLANG_WARN_DOCUMENTATION_COMMENTS = YES;
				CLANG_WARN_EMPTY_BODY = YES;
				CLANG_WARN_ENUM_CONVERSION = YES;
				CLANG_WARN_INFINITE_RECURSION = YES;
				CLANG_WARN_INT_CONVERSION = YES;
				CLANG_WARN_NON_LITERAL_NULL_CONVERSION = YES;
				CLANG_WARN_OBJC_IMPLICIT_RETAIN_SELF = YES;
				CLANG_WARN_OBJC_LITERAL_CONVERSION = YES;
				CLANG_WARN_OBJC_ROOT_CLASS = YES_ERROR;
				CLANG_WARN_QUOTED_INCLUDE_IN_FRAMEWORK_HEADER = YES;
				CLANG_WARN_RANGE_LOOP_ANALYSIS = YES;
				CLANG_WARN_STRICT_PROTOTYPES = YES;
				CLANG_WARN_SUSPICIOUS_MOVE = YES;
				CLANG_WARN_UNGUARDED_AVAILABILITY = YES_AGGRESSIVE;
				CLANG_WARN_UNREACHABLE_CODE = YES;
				CLANG_WARN__DUPLICATE_METHOD_MATCH = YES;
				COPY_PHASE_STRIP = NO;
				DEBUG_INFORMATION_FORMAT = "dwarf-with-dsym";
				ENABLE_NS_ASSERTIONS = NO;
				ENABLE_STRICT_OBJC_MSGSEND = YES;
				GCC_C_LANGUAGE_STANDARD = gnu11;
				GCC_NO_COMMON_BLOCKS = YES;
				GCC_WARN_64_TO_32_BIT_CONVERSION = YES;
				GCC_WARN_ABOUT_RETURN_TYPE = YES_ERROR;
				GCC_WARN_UNDECLARED_SELECTOR = YES;
				GCC_WARN_UNINITIALIZED_AUTOS = YES_AGGRESSIVE;
				GCC_WARN_UNUSED_FUNCTION = YES;
				GCC_WARN_UNUSED_VARIABLE = YES;
				IPHONEOS_DEPLOYMENT_TARGET = 14.3;
				MTL_ENABLE_DEBUG_INFO = NO;
				MTL_FAST_MATH = YES;
				SDKROOT = iphoneos;
				SWIFT_COMPILATION_MODE = wholemodule;
				SWIFT_OPTIMIZATION_LEVEL = "-O";
				VALIDATE_PRODUCT = YES;
			};
			name = Release;
		};
		BA7EC12D26C3FE430041693E /* Debug */ = {
			isa = XCBuildConfiguration;
			buildSettings = {
				ASSETCATALOG_COMPILER_APPICON_NAME = AppIcon;
				ASSETCATALOG_COMPILER_GLOBAL_ACCENT_COLOR_NAME = AccentColor;
				CODE_SIGN_STYLE = Automatic;
				DEVELOPMENT_TEAM = AXX7V3FBRP;
				INFOPLIST_FILE = "Password Manager/Info.plist";
				LD_RUNPATH_SEARCH_PATHS = (
					"$(inherited)",
					"@executable_path/Frameworks",
				);
				PRODUCT_BUNDLE_IDENTIFIER = "Jeremy-Apps.Password-Manager";
				PRODUCT_NAME = "$(TARGET_NAME)";
				SWIFT_VERSION = 5.0;
				TARGETED_DEVICE_FAMILY = "1,2";
			};
			name = Debug;
		};
		BA7EC12E26C3FE430041693E /* Release */ = {
			isa = XCBuildConfiguration;
			buildSettings = {
				ASSETCATALOG_COMPILER_APPICON_NAME = AppIcon;
				ASSETCATALOG_COMPILER_GLOBAL_ACCENT_COLOR_NAME = AccentColor;
				CODE_SIGN_STYLE = Automatic;
				DEVELOPMENT_TEAM = AXX7V3FBRP;
				INFOPLIST_FILE = "Password Manager/Info.plist";
				LD_RUNPATH_SEARCH_PATHS = (
					"$(inherited)",
					"@executable_path/Frameworks",
				);
				PRODUCT_BUNDLE_IDENTIFIER = "Jeremy-Apps.Password-Manager";
				PRODUCT_NAME = "$(TARGET_NAME)";
				SWIFT_VERSION = 5.0;
				TARGETED_DEVICE_FAMILY = "1,2";
			};
			name = Release;
		};
/* End XCBuildConfiguration section */

/* Begin XCConfigurationList section */
		BA7EC11326C3FE420041693E /* Build configuration list for PBXProject "Password Manager" */ = {
			isa = XCConfigurationList;
			buildConfigurations = (
				BA7EC12A26C3FE430041693E /* Debug */,
				BA7EC12B26C3FE430041693E /* Release */,
			);
			defaultConfigurationIsVisible = 0;
			defaultConfigurationName = Release;
		};
		BA7EC12C26C3FE430041693E /* Build configuration list for PBXNativeTarget "Password Manager" */ = {
			isa = XCConfigurationList;
			buildConfigurations = (
				BA7EC12D26C3FE430041693E /* Debug */,
				BA7EC12E26C3FE430041693E /* Release */,
			);
			defaultConfigurationIsVisible = 0;
			defaultConfigurationName = Release;
		};
/* End XCConfigurationList section */
	};
	rootObject = BA7EC11026C3FE420041693E /* Project object */;
}
